{
  "name": "agent-center",
  "version": "0.1.0",
  "lockfileVersion": 3,
  "requires": true,
  "packages": {
    "": {
      "name": "agent-center",
      "version": "0.1.0",
      "dependencies": {
        "@event-emission-protocol/client": "file:vendor/event-emission-protocol-client-0.1.0.tgz",
        "@event-emission-protocol/core": "file:vendor/event-emission-protocol-core-0.1.0.tgz"
      },
      "devDependencies": {
        "@types/node": "^24.0.0",
        "typescript": "^5.9.3"
      }
    },
    "node_modules/@event-emission-protocol/client": {
      "version": "0.1.0",
      "resolved": "file:vendor/event-emission-protocol-client-0.1.0.tgz",
      "integrity": "sha512-vrv9+wsIrAOf7wg4TRE30dUWmrF7RbWjz1UwPlNc6Rb7idoNrJFSOUwsjz2oTMvOU0/Le+facAx8ehvv6cGYhg==",
      "dependencies": {
        "@event-emission-protocol/core": "0.1.0"
      }
    },
    "node_modules/@event-emission-protocol/core": {
      "version": "0.1.0",
      "resolved": "file:vendor/event-emission-protocol-core-0.1.0.tgz",
      "integrity": "sha512-SAYGNnfDIsXwtuyFaCdDXUUHkFsGYlWbvAuj65VpyoRlyaJr9WBUeVsNKK+1USXfuz63IC17zgT7HUuL6g+WbA=="
    },
    "node_modules/@types/node": {
      "version": "24.12.4",
      "resolved": "https://registry.npmjs.org/@types/node/-/node-24.12.4.tgz",
      "integrity": "sha512-GUUEShf+PBCGW2KaXwcIt3Yk+e3pkKwWKb9GSyM9WQVE+ep2jzmHdGsHzu4wgcZy5fN9FBdVzjpBQsYlpfpgLA==",
      "dev": true,
      "license": "MIT",
      "dependencies": {
        "undici-types": "~7.16.0"
      }
    },
    "node_modules/typescript": {
      "version": "5.9.3",
      "resolved": "https://registry.npmjs.org/typescript/-/typescript-5.9.3.tgz",
      "integrity": "sha512-jl1vZzPDinLr9eUt3J/t7V6FgNEw9QjvBPdysz9KfQDD41fQrC2Y4vKQdiaUpFT4bXlb1RHhLpp8wtm6M5TgSw==",
      "dev": true,
      "license": "Apache-2.0",
      "bin": {
        "tsc": "bin/tsc",
        "tsserver": "bin/tsserver"
      },
      "engines": {
        "node": ">=14.17"
      }
    },
    "node_modules/undici-types": {
      "version": "7.16.0",
      "resolved": "https://registry.npmjs.org/undici-types/-/undici-types-7.16.0.tgz",
      "integrity": "sha512-Zz+aZWSj8LE6zoxD+xrjh4VfkIG8Ya6LvYkZqtUQGJPZjYl53ypCaUwWqo7eI0x66KBGeRo+mlBEkMSeSZ38Nw==",
      "dev": true,
      "license": "MIT"
    }
  }
}
